{
  "object": {
    "pins": [
      {
        "package": "GoogleMaps",
        "repositoryURL": "https://github.com/YAtechnologies/GoogleMaps-SP.git",
        "state": {
          "branch": "main",
          "revision": "6a94b6768250a7d4a0a20534ae5a879a1db7160e",
          "version": null
        }
      }
    ]
  },
  "version": 1
}
